// !$*UTF8*$!
{
	archiveVersion = 1;
	classes = {
	};
	objectVersion = 55;
	objects = {

/* Begin PBXBuildFile section */
		47CEED2E27158C3B00969340 /* Tests_iOS.swift in Sources */ = {isa = PBXBuildFile; fileRef = 47CEED2D27158C3B00969340 /* Tests_iOS.swift */; };
		47CEED3027158C3B00969340 /* Tests_iOSLaunchTests.swift in Sources */ = {isa = PBXBuildFile; fileRef = 47CEED2F27158C3B00969340 /* Tests_iOSLaunchTests.swift */; };
		47CEED3A27158C3B00969340 /* Tests_macOS.swift in Sources */ = {isa = PBXBuildFile; fileRef = 47CEED3927158C3B00969340 /* Tests_macOS.swift */; };
		47CEED3C27158C3B00969340 /* Tests_macOSLaunchTests.swift in Sources */ = {isa = PBXBuildFile; fileRef = 47CEED3B27158C3B00969340 /* Tests_macOSLaunchTests.swift */; };
		47CEED3D27158C3B00969340 /* UI_327App.swift in Sources */ = {isa = PBXBuildFile; fileRef = 47CEED1527158C3900969340 /* UI_327App.swift */; };
		47CEED3E27158C3B00969340 /* UI_327App.swift in Sources */ = {isa = PBXBuildFile; fileRef = 47CEED1527158C3900969340 /* UI_327App.swift */; };
		47CEED3F27158C3B00969340 /* ContentView.swift in Sources */ = {isa = PBXBuildFile; fileRef = 47CEED1627158C3900969340 /* ContentView.swift */; };
		47CEED4027158C3B00969340 /* ContentView.swift in Sources */ = {isa = PBXBuildFile; fileRef = 47CEED1627158C3900969340 /* ContentView.swift */; };
		47CEED4127158C3B00969340 /* Assets.xcassets in Resources */ = {isa = PBXBuildFile; fileRef = 47CEED1727158C3B00969340 /* Assets.xcassets */; };
		47CEED4227158C3B00969340 /* Assets.xcassets in Resources */ = {isa = PBXBuildFile; fileRef = 47CEED1727158C3B00969340 /* Assets.xcassets */; };
		47CEED5327158CCB00969340 /* Home.swift in Sources */ = {isa = PBXBuildFile; fileRef = 47CEED5227158CCB00969340 /* Home.swift */; };
/* End PBXBuildFile section */

/* Begin PBXContainerItemProxy section */
		47CEED2A27158C3B00969340 /* PBXContainerItemProxy */ = {
			isa = PBXContainerItemProxy;
			containerPortal = 47CEED1027158C3900969340 /* Project object */;
			proxyType = 1;
			remoteGlobalIDString = 47CEED1B27158C3B00969340;
			remoteInfo = "UI-327 (iOS)";
		};
		47CEED3627158C3B00969340 /* PBXContainerItemProxy */ = {
			isa = PBXContainerItemProxy;
			containerPortal = 47CEED1027158C3900969340 /* Project object */;
			proxyType = 1;
			remoteGlobalIDString = 47CEED2127158C3B00969340;
			remoteInfo = "UI-327 (macOS)";
		};
/* End PBXContainerItemProxy section */

/* Begin PBXFileReference section */
		47CEED1527158C3900969340 /* UI_327App.swift */ = {isa = PBXFileReference; lastKnownFileType = sourcecode.swift; path = UI_327App.swift; sourceTree = "<group>"; };
		47CEED1627158C3900969340 /* ContentView.swift */ = {isa = PBXFileReference; lastKnownFileType = sourcecode.swift; path = ContentView.swift; sourceTree = "<group>"; };
		47CEED1727158C3B00969340 /* Assets.xcassets */ = {isa = PBXFileReference; lastKnownFileType = folder.assetcatalog; path = Assets.xcassets; sourceTree = "<group>"; };
		47CEED1C27158C3B00969340 /* UI-327.app */ = {isa = PBXFileReference; explicitFileType = wrapper.application; includeInIndex = 0; path = "UI-327.app"; sourceTree = BUILT_PRODUCTS_DIR; };
		47CEED2227158C3B00969340 /* UI-327.app */ = {isa = PBXFileReference; explicitFileType = wrapper.application; includeInIndex = 0; path = "UI-327.app"; sourceTree = BUILT_PRODUCTS_DIR; };
		47CEED2427158C3B00969340 /* macOS.entitlements */ = {isa = PBXFileReference; lastKnownFileType = text.plist.entitlements; path = macOS.entitlements; sourceTree = "<group>"; };
		47CEED2927158C3B00969340 /* Tests iOS.xctest */ = {isa = PBXFileReference; explicitFileType = wrapper.cfbundle; includeInIndex = 0; path = "Tests iOS.xctest"; sourceTree = BUILT_PRODUCTS_DIR; };
		47CEED2D27158C3B00969340 /* Tests_iOS.swift */ = {isa = PBXFileReference; lastKnownFileType = sourcecode.swift; path = Tests_iOS.swift; sourceTree = "<group>"; };
		47CEED2F27158C3B00969340 /* Tests_iOSLaunchTests.swift */ = {isa = PBXFileReference; lastKnownFileType = sourcecode.swift; path = Tests_iOSLaunchTests.swift; sourceTree = "<group>"; };
		47CEED3527158C3B00969340 /* Tests macOS.xctest */ = {isa = PBXFileReference; explicitFileType = wrapper.cfbundle; includeInIndex = 0; path = "Tests macOS.xctest"; sourceTree = BUILT_PRODUCTS_DIR; };
		47CEED3927158C3B00969340 /* Tests_macOS.swift */ = {isa = PBXFileReference; lastKnownFileType = sourcecode.swift; path = Tests_macOS.swift; sourceTree = "<group>"; };
		47CEED3B27158C3B00969340 /* Tests_macOSLaunchTests.swift */ = {isa = PBXFileReference; lastKnownFileType = sourcecode.swift; path = Tests_macOSLaunchTests.swift; sourceTree = "<group>"; };
		47CEED5227158CCB00969340 /* Home.swift */ = {isa = PBXFileReference; lastKnownFileType = sourcecode.swift; path = Home.swift; sourceTree = "<group>"; };
/* End PBXFileReference section */

/* Begin PBXFrameworksBuildPhase section */
		47CEED1927158C3B00969340 /* Frameworks */ = {
			isa = PBXFrameworksBuildPhase;
			buildActionMask = 2147483647;
			files = (
			);
			runOnlyForDeploymentPostprocessing = 0;
		};
		47CEED1F27158C3B00969340 /* Frameworks */ = {
			isa = PBXFrameworksBuildPhase;
			buildActionMask = 2147483647;
			files = (
			);
			runOnlyForDeploymentPostprocessing = 0;
		};
		47CEED2627158C3B00969340 /* Frameworks */ = {
			isa = PBXFrameworksBuildPhase;
			buildActionMask = 2147483647;
			files = (
			);
			runOnlyForDeploymentPostprocessing = 0;
		};
		47CEED3227158C3B00969340 /* Frameworks */ = {
			isa = PBXFrameworksBuildPhase;
			buildActionMask = 2147483647;
			files = (
			);
			runOnlyForDeploymentPostprocessing = 0;
		};
/* End PBXFrameworksBuildPhase section */

/* Begin PBXGroup section */
		47CEED0F27158C3900969340 = {
			isa = PBXGroup;
			children = (
				47CEED1427158C3900969340 /* Shared */,
				47CEED2327158C3B00969340 /* macOS */,
				47CEED2C27158C3B00969340 /* Tests iOS */,
				47CEED3827158C3B00969340 /* Tests macOS */,
				47CEED1D27158C3B00969340 /* Products */,
			);
			sourceTree = "<group>";
		};
		47CEED1427158C3900969340 /* Shared */ = {
			isa = PBXGroup;
			children = (
				47CEED5127158CC500969340 /* View */,
				47CEED1527158C3900969340 /* UI_327App.swift */,
				47CEED1627158C3900969340 /* ContentView.swift */,
				47CEED1727158C3B00969340 /* Assets.xcassets */,
			);
			path = Shared;
			sourceTree = "<group>";
		};
		47CEED1D27158C3B00969340 /* Products */ = {
			isa = PBXGroup;
			children = (
				47CEED1C27158C3B00969340 /* UI-327.app */,
				47CEED2227158C3B00969340 /* UI-327.app */,
				47CEED2927158C3B00969340 /* Tests iOS.xctest */,
				47CEED3527158C3B00969340 /* Tests macOS.xctest */,
			);
			name = Products;
			sourceTree = "<group>";
		};
		47CEED2327158C3B00969340 /* macOS */ = {
			isa = PBXGroup;
			children = (
				47CEED2427158C3B00969340 /* macOS.entitlements */,
			);
			path = macOS;
			sourceTree = "<group>";
		};
		47CEED2C27158C3B00969340 /* Tests iOS */ = {
			isa = PBXGroup;
			children = (
				47CEED2D27158C3B00969340 /* Tests_iOS.swift */,
				47CEED2F27158C3B00969340 /* Tests_iOSLaunchTests.swift */,
			);
			path = "Tests iOS";
			sourceTree = "<group>";
		};
		47CEED3827158C3B00969340 /* Tests macOS */ = {
			isa = PBXGroup;
			children = (
				47CEED3927158C3B00969340 /* Tests_macOS.swift */,
				47CEED3B27158C3B00969340 /* Tests_macOSLaunchTests.swift */,
			);
			path = "Tests macOS";
			sourceTree = "<group>";
		};
		47CEED5127158CC500969340 /* View */ = {
			isa = PBXGroup;
			children = (
				47CEED5227158CCB00969340 /* Home.swift */,
			);
			path = View;
			sourceTree = "<group>";
		};
/* End PBXGroup section */

/* Begin PBXNativeTarget section */
		47CEED1B27158C3B00969340 /* UI-327 (iOS) */ = {
			isa = PBXNativeTarget;
			buildConfigurationList = 47CEED4527158C3B00969340 /* Build configuration list for PBXNativeTarget "UI-327 (iOS)" */;
			buildPhases = (
				47CEED1827158C3B00969340 /* Sources */,
				47CEED1927158C3B00969340 /* Frameworks */,
				47CEED1A27158C3B00969340 /* Resources */,
			);
			buildRules = (
			);
			dependencies = (
			);
			name = "UI-327 (iOS)";
			productName = "UI-327 (iOS)";
			productReference = 47CEED1C27158C3B00969340 /* UI-327.app */;
			productType = "com.apple.product-type.application";
		};
		47CEED2127158C3B00969340 /* UI-327 (macOS) */ = {
			isa = PBXNativeTarget;
			buildConfigurationList = 47CEED4827158C3B00969340 /* Build configuration list for PBXNativeTarget "UI-327 (macOS)" */;
			buildPhases = (
				47CEED1E27158C3B00969340 /* Sources */,
				47CEED1F27158C3B00969340 /* Frameworks */,
				47CEED2027158C3B00969340 /* Resources */,
			);
			buildRules = (
			);
			dependencies = (
			);
			name = "UI-327 (macOS)";
			productName = "UI-327 (macOS)";
			productReference = 47CEED2227158C3B00969340 /* UI-327.app */;
			productType = "com.apple.product-type.application";
		};
		47CEED2827158C3B00969340 /* Tests iOS */ = {
			isa = PBXNativeTarget;
			buildConfigurationList = 47CEED4B27158C3B00969340 /* Build configuration list for PBXNativeTarget "Tests iOS" */;
			buildPhases = (
				47CEED2527158C3B00969340 /* Sources */,
				47CEED2627158C3B00969340 /* Frameworks */,
				47CEED2727158C3B00969340 /* Resources */,
			);
			buildRules = (
			);
			dependencies = (
				47CEED2B27158C3B00969340 /* PBXTargetDependency */,
			);
			name = "Tests iOS";
			productName = "Tests iOS";
			productReference = 47CEED2927158C3B00969340 /* Tests iOS.xctest */;
			productType = "com.apple.product-type.bundle.ui-testing";
		};
		47CEED3427158C3B00969340 /* Tests macOS */ = {
			isa = PBXNativeTarget;
			buildConfigurationList = 47CEED4E27158C3B00969340 /* Build configuration list for PBXNativeTarget "Tests macOS" */;
			buildPhases = (
				47CEED3127158C3B00969340 /* Sources */,
				47CEED3227158C3B00969340 /* Frameworks */,
				47CEED3327158C3B00969340 /* Resources */,
			);
			buildRules = (
			);
			dependencies = (
				47CEED3727158C3B00969340 /* PBXTargetDependency */,
			);
			name = "Tests macOS";
			productName = "Tests macOS";
			productReference = 47CEED3527158C3B00969340 /* Tests macOS.xctest */;
			productType = "com.apple.product-type.bundle.ui-testing";
		};
/* End PBXNativeTarget section */

/* Begin PBXProject section */
		47CEED1027158C3900969340 /* Project object */ = {
			isa = PBXProject;
			attributes = {
				BuildIndependentTargetsInParallel = 1;
				LastSwiftUpdateCheck = 1300;
				LastUpgradeCheck = 1300;
				TargetAttributes = {
					47CEED1B27158C3B00969340 = {
						CreatedOnToolsVersion = 13.0;
					};
					47CEED2127158C3B00969340 = {
						CreatedOnToolsVersion = 13.0;
					};
					47CEED2827158C3B00969340 = {
						CreatedOnToolsVersion = 13.0;
						TestTargetID = 47CEED1B27158C3B00969340;
					};
					47CEED3427158C3B00969340 = {
						CreatedOnToolsVersion = 13.0;
						TestTargetID = 47CEED2127158C3B00969340;
					};
				};
			};
			buildConfigurationList = 47CEED1327158C3900969340 /* Build configuration list for PBXProject "UI-327" */;
			compatibilityVersion = "Xcode 13.0";
			developmentRegion = en;
			hasScannedForEncodings = 0;
			knownRegions = (
				en,
				Base,
			);
			mainGroup = 47CEED0F27158C3900969340;
			productRefGroup = 47CEED1D27158C3B00969340 /* Products */;
			projectDirPath = "";
			projectRoot = "";
			targets = (
				47CEED1B27158C3B00969340 /* UI-327 (iOS) */,
				47CEED2127158C3B00969340 /* UI-327 (macOS) */,
				47CEED2827158C3B00969340 /* Tests iOS */,
				47CEED3427158C3B00969340 /* Tests macOS */,
			);
		};
/* End PBXProject section */

/* Begin PBXResourcesBuildPhase section */
		47CEED1A27158C3B00969340 /* Resources */ = {
			isa = PBXResourcesBuildPhase;
			buildActionMask = 2147483647;
			files = (
				47CEED4127158C3B00969340 /* Assets.xcassets in Resources */,
			);
			runOnlyForDeploymentPostprocessing = 0;
		};
		47CEED2027158C3B00969340 /* Resources */ = {
			isa = PBXResourcesBuildPhase;
			buildActionMask = 2147483647;
			files = (
				47CEED4227158C3B00969340 /* Assets.xcassets in Resources */,
			);
			runOnlyForDeploymentPostprocessing = 0;
		};
		47CEED2727158C3B00969340 /* Resources */ = {
			isa = PBXResourcesBuildPhase;
			buildActionMask = 2147483647;
			files = (
			);
			runOnlyForDeploymentPostprocessing = 0;
		};
		47CEED3327158C3B00969340 /* Resources */ = {
			isa = PBXResourcesBuildPhase;
			buildActionMask = 2147483647;
			files = (
			);
			runOnlyForDeploymentPostprocessing = 0;
		};
/* End PBXResourcesBuildPhase section */

/* Begin PBXSourcesBuildPhase section */
		47CEED1827158C3B00969340 /* Sources */ = {
			isa = PBXSourcesBuildPhase;
			buildActionMask = 2147483647;
			files = (
				47CEED3F27158C3B00969340 /* ContentView.swift in Sources */,
				47CEED5327158CCB00969340 /* Home.swift in Sources */,
				47CEED3D27158C3B00969340 /* UI_327App.swift in Sources */,
			);
			runOnlyForDeploymentPostprocessing = 0;
		};
		47CEED1E27158C3B00969340 /* Sources */ = {
			isa = PBXSourcesBuildPhase;
			buildActionMask = 2147483647;
			files = (
				47CEED4027158C3B00969340 /* ContentView.swift in Sources */,
				47CEED3E27158C3B00969340 /* UI_327App.swift in Sources */,
			);
			runOnlyForDeploymentPostprocessing = 0;
		};
		47CEED2527158C3B00969340 /* Sources */ = {
			isa = PBXSourcesBuildPhase;
			buildActionMask = 2147483647;
			files = (
				47CEED3027158C3B00969340 /* Tests_iOSLaunchTests.swift in Sources */,
				47CEED2E27158C3B00969340 /* Tests_iOS.swift in Sources */,
			);
			runOnlyForDeploymentPostprocessing = 0;
		};
		47CEED3127158C3B00969340 /* Sources */ = {
			isa = PBXSourcesBuildPhase;
			buildActionMask = 2147483647;
			files = (
				47CEED3C27158C3B00969340 /* Tests_macOSLaunchTests.swift in Sources */,
				47CEED3A27158C3B00969340 /* Tests_macOS.swift in Sources */,
			);
			runOnlyForDeploymentPostprocessing = 0;
		};
/* End PBXSourcesBuildPhase section */

/* Begin PBXTargetDependency section */
		47CEED2B27158C3B00969340 /* PBXTargetDependency */ = {
			isa = PBXTargetDependency;
			target = 47CEED1B27158C3B00969340 /* UI-327 (iOS) */;
			targetProxy = 47CEED2A27158C3B00969340 /* PBXContainerItemProxy */;
		};
		47CEED3727158C3B00969340 /* PBXTargetDependency */ = {
			isa = PBXTargetDependency;
			target = 47CEED2127158C3B00969340 /* UI-327 (macOS) */;
			targetProxy = 47CEED3627158C3B00969340 /* PBXContainerItemProxy */;
		};
/* End PBXTargetDependency section */

/* Begin XCBuildConfiguration section */
		47CEED4327158C3B00969340 /* Debug */ = {
			isa = XCBuildConfiguration;
			buildSettings = {
				ALWAYS_SEARCH_USER_PATHS = NO;
				CLANG_ANALYZER_NONNULL = YES;
				CLANG_ANALYZER_NUMBER_OBJECT_CONVERSION = YES_AGGRESSIVE;
				CLANG_CXX_LANGUAGE_STANDARD = "gnu++17";
				CLANG_CXX_LIBRARY = "libc++";
				CLANG_ENABLE_MODULES = YES;
				CLANG_ENABLE_OBJC_ARC = YES;
				CLANG_ENABLE_OBJC_WEAK = YES;
				CLANG_WARN_BLOCK_CAPTURE_AUTORELEASING = YES;
				CLANG_WARN_BOOL_CONVERSION = YES;
				CLANG_WARN_COMMA = YES;
				CLANG_WARN_CONSTANT_CONVERSION = YES;
				CLANG_WARN_DEPRECATED_OBJC_IMPLEMENTATIONS = YES;
				CLANG_WARN_DIRECT_OBJC_ISA_USAGE = YES_ERROR;
				CLANG_WARN_DOCUMENTATION_COMMENTS = YES;
				CLANG_WARN_EMPTY_BODY = YES;
				CLANG_WARN_ENUM_CONVERSION = YES;
				CLANG_WARN_INFINITE_RECURSION = YES;
				CLANG_WARN_INT_CONVERSION = YES;
				CLANG_WARN_NON_LITERAL_NULL_CONVERSION = YES;
				CLANG_WARN_OBJC_IMPLICIT_RETAIN_SELF = YES;
				CLANG_WARN_OBJC_LITERAL_CONVERSION = YES;
				CLANG_WARN_OBJC_ROOT_CLASS = YES_ERROR;
				CLANG_WARN_QUOTED_INCLUDE_IN_FRAMEWORK_HEADER = YES;
				CLANG_WARN_RANGE_LOOP_ANALYSIS = YES;
				CLANG_WARN_STRICT_PROTOTYPES = YES;
				CLANG_WARN_SUSPICIOUS_MOVE = YES;
				CLANG_WARN_UNGUARDED_AVAILABILITY = YES_AGGRESSIVE;
				CLANG_WARN_UNREACHABLE_CODE = YES;
				CLANG_WARN__DUPLICATE_METHOD_MATCH = YES;
				COPY_PHASE_STRIP = NO;
				DEBUG_INFORMATION_FORMAT = dwarf;
				ENABLE_STRICT_OBJC_MSGSEND = YES;
				ENABLE_TESTABILITY = YES;
				GCC_C_LANGUAGE_STANDARD = gnu11;
				GCC_DYNAMIC_NO_PIC = NO;
				GCC_NO_COMMON_BLOCKS = YES;
				GCC_OPTIMIZATION_LEVEL = 0;
				GCC_PREPROCESSOR_DEFINITIONS = (
					"DEBUG=1",
					"$(inherited)",
				);
				GCC_WARN_64_TO_32_BIT_CONVERSION = YES;
				GCC_WARN_ABOUT_RETURN_TYPE = YES_ERROR;
				GCC_WARN_UNDECLARED_SELECTOR = YES;
				GCC_WARN_UNINITIALIZED_AUTOS = YES_AGGRESSIVE;
				GCC_WARN_UNUSED_FUNCTION = YES;
				GCC_WARN_UNUSED_VARIABLE = YES;
				MTL_ENABLE_DEBUG_INFO = INCLUDE_SOURCE;
				MTL_FAST_MATH = YES;
				ONLY_ACTIVE_ARCH = YES;
				SWIFT_ACTIVE_COMPILATION_CONDITIONS = DEBUG;
				SWIFT_OPTIMIZATION_LEVEL = "-Onone";
			};
			name = Debug;
		};
		47CEED4427158C3B00969340 /* Release */ = {
			isa = XCBuildConfiguration;
			buildSettings = {
				ALWAYS_SEARCH_USER_PATHS = NO;
				CLANG_ANALYZER_NONNULL = YES;
				CLANG_ANALYZER_NUMBER_OBJECT_CONVERSION = YES_AGGRESSIVE;
				CLANG_CXX_LANGUAGE_STANDARD = "gnu++17";
				CLANG_CXX_LIBRARY = "libc++";
				CLANG_ENABLE_MODULES = YES;
				CLANG_ENABLE_OBJC_ARC = YES;
				CLANG_ENABLE_OBJC_WEAK = YES;
				CLANG_WARN_BLOCK_CAPTURE_AUTORELEASING = YES;
				CLANG_WARN_BOOL_CONVERSION = YES;
				CLANG_WARN_COMMA = YES;
				CLANG_WARN_CONSTANT_CONVERSION = YES;
				CLANG_WARN_DEPRECATED_OBJC_IMPLEMENTATIONS = YES;
				CLANG_WARN_DIRECT_OBJC_ISA_USAGE = YES_ERROR;
				CLANG_WARN_DOCUMENTATION_COMMENTS = YES;
				CLANG_WARN_EMPTY_BODY = YES;
				CLANG_WARN_ENUM_CONVERSION = YES;
				CLANG_WARN_INFINITE_RECURSION = YES;
				CLANG_WARN_INT_CONVERSION = YES;
				CLANG_WARN_NON_LITERAL_NULL_CONVERSION = YES;
				CLANG_WARN_OBJC_IMPLICIT_RETAIN_SELF = YES;
				CLANG_WARN_OBJC_LITERAL_CONVERSION = YES;
				CLANG_WARN_OBJC_ROOT_CLASS = YES_ERROR;
				CLANG_WARN_QUOTED_INCLUDE_IN_FRAMEWORK_HEADER = YES;
				CLANG_WARN_RANGE_LOOP_ANALYSIS = YES;
				CLANG_WARN_STRICT_PROTOTYPES = YES;
				CLANG_WARN_SUSPICIOUS_MOVE = YES;
				CLANG_WARN_UNGUARDED_AVAILABILITY = YES_AGGRESSIVE;
				CLANG_WARN_UNREACHABLE_CODE = YES;
				CLANG_WARN__DUPLICATE_METHOD_MATCH = YES;
				COPY_PHASE_STRIP = NO;
				DEBUG_INFORMATION_FORMAT = "dwarf-with-dsym";
				ENABLE_NS_ASSERTIONS = NO;
				ENABLE_STRICT_OBJC_MSGSEND = YES;
				GCC_C_LANGUAGE_STANDARD = gnu11;
				GCC_NO_COMMON_BLOCKS = YES;
				GCC_WARN_64_TO_32_BIT_CONVERSION = YES;
				GCC_WARN_ABOUT_RETURN_TYPE = YES_ERROR;
				GCC_WARN_UNDECLARED_SELECTOR = YES;
				GCC_WARN_UNINITIALIZED_AUTOS = YES_AGGRESSIVE;
				GCC_WARN_UNUSED_FUNCTION = YES;
				GCC_WARN_UNUSED_VARIABLE = YES;
				MTL_ENABLE_DEBUG_INFO = NO;
				MTL_FAST_MATH = YES;
				SWIFT_COMPILATION_MODE = wholemodule;
				SWIFT_OPTIMIZATION_LEVEL = "-O";
			};
			name = Release;
		};
		47CEED4627158C3B00969340 /* Debug */ = {
			isa = XCBuildConfiguration;
			buildSettings = {
				ASSETCATALOG_COMPILER_APPICON_NAME = AppIcon;
				ASSETCATALOG_COMPILER_GLOBAL_ACCENT_COLOR_NAME = AccentColor;
				CODE_SIGN_STYLE = Automatic;
				CURRENT_PROJECT_VERSION = 1;
				DEVELOPMENT_TEAM = 8CL4U468K5;
				ENABLE_PREVIEWS = YES;
				GENERATE_INFOPLIST_FILE = YES;
				INFOPLIST_KEY_UIApplicationSceneManifest_Generation = YES;
				INFOPLIST_KEY_UIApplicationSupportsIndirectInputEvents = YES;
				INFOPLIST_KEY_UILaunchScreen_Generation = YES;
				INFOPLIST_KEY_UISupportedInterfaceOrientations_iPad = "UIInterfaceOrientationPortrait UIInterfaceOrientationPortraitUpsideDown UIInterfaceOrientationLandscapeLeft UIInterfaceOrientationLandscapeRight";
				INFOPLIST_KEY_UISupportedInterfaceOrientations_iPhone = "UIInterfaceOrientationPortrait UIInterfaceOrientationLandscapeLeft UIInterfaceOrientationLandscapeRight";
				IPHONEOS_DEPLOYMENT_TARGET = 14.0;
				LD_RUNPATH_SEARCH_PATHS = (
					"$(inherited)",
					"@executable_path/Frameworks",
				);
				MARKETING_VERSION = 1.0;
				PRODUCT_BUNDLE_IDENTIFIER = "com.587.UI-327";
				PRODUCT_NAME = "UI-327";
				SDKROOT = iphoneos;
				SWIFT_EMIT_LOC_STRINGS = YES;
				SWIFT_VERSION = 5.0;
				TARGETED_DEVICE_FAMILY = "1,2";
			};
			name = Debug;
		};
		47CEED4727158C3B00969340 /* Release */ = {
			isa = XCBuildConfiguration;
			buildSettings = {
				ASSETCATALOG_COMPILER_APPICON_NAME = AppIcon;
				ASSETCATALOG_COMPILER_GLOBAL_ACCENT_COLOR_NAME = AccentColor;
				CODE_SIGN_STYLE = Automatic;
				CURRENT_PROJECT_VERSION = 1;
				DEVELOPMENT_TEAM = 8CL4U468K5;
				ENABLE_PREVIEWS = YES;
				GENERATE_INFOPLIST_FILE = YES;
				INFOPLIST_KEY_UIApplicationSceneManifest_Generation = YES;
				INFOPLIST_KEY_UIApplicationSupportsIndirectInputEvents = YES;
				INFOPLIST_KEY_UILaunchScreen_Generation = YES;
				INFOPLIST_KEY_UISupportedInterfaceOrientations_iPad = "UIInterfaceOrientationPortrait UIInterfaceOrientationPortraitUpsideDown UIInterfaceOrientationLandscapeLeft UIInterfaceOrientationLandscapeRight";
				INFOPLIST_KEY_UISupportedInterfaceOrientations_iPhone = "UIInterfaceOrientationPortrait UIInterfaceOrientationLandscapeLeft UIInterfaceOrientationLandscapeRight";
				IPHONEOS_DEPLOYMENT_TARGET = 14.0;
				LD_RUNPATH_SEARCH_PATHS = (
					"$(inherited)",
					"@executable_path/Frameworks",
				);
				MARKETING_VERSION = 1.0;
				PRODUCT_BUNDLE_IDENTIFIER = "com.587.UI-327";
				PRODUCT_NAME = "UI-327";
				SDKROOT = iphoneos;
				SWIFT_EMIT_LOC_STRINGS = YES;
				SWIFT_VERSION = 5.0;
				TARGETED_DEVICE_FAMILY = "1,2";
				VALIDATE_PRODUCT = YES;
			};
			name = Release;
		};
		47CEED4927158C3B00969340 /* Debug */ = {
			isa = XCBuildConfiguration;
			buildSettings = {
				ASSETCATALOG_COMPILER_APPICON_NAME = AppIcon;
				ASSETCATALOG_COMPILER_GLOBAL_ACCENT_COLOR_NAME = AccentColor;
				CODE_SIGN_ENTITLEMENTS = macOS/macOS.entitlements;
				CODE_SIGN_STYLE = Automatic;
				COMBINE_HIDPI_IMAGES = YES;
				CURRENT_PROJECT_VERSION = 1;
				DEVELOPMENT_TEAM = 8CL4U468K5;
				ENABLE_HARDENED_RUNTIME = YES;
				ENABLE_PREVIEWS = YES;
				GENERATE_INFOPLIST_FILE = YES;
				INFOPLIST_KEY_NSHumanReadableCopyright = "";
				LD_RUNPATH_SEARCH_PATHS = (
					"$(inherited)",
					"@executable_path/../Frameworks",
				);
				MACOSX_DEPLOYMENT_TARGET = 11.0;
				MARKETING_VERSION = 1.0;
				PRODUCT_BUNDLE_IDENTIFIER = "com.587.UI-327";
				PRODUCT_NAME = "UI-327";
				SDKROOT = macosx;
				SWIFT_EMIT_LOC_STRINGS = YES;
				SWIFT_VERSION = 5.0;
			};
			name = Debug;
		};
		47CEED4A27158C3B00969340 /* Release */ = {
			isa = XCBuildConfiguration;
			buildSettings = {
				ASSETCATALOG_COMPILER_APPICON_NAME = AppIcon;
				ASSETCATALOG_COMPILER_GLOBAL_ACCENT_COLOR_NAME = AccentColor;
				CODE_SIGN_ENTITLEMENTS = macOS/macOS.entitlements;
				CODE_SIGN_STYLE = Automatic;
				COMBINE_HIDPI_IMAGES = YES;
				CURRENT_PROJECT_VERSION = 1;
				DEVELOPMENT_TEAM = 8CL4U468K5;
				ENABLE_HARDENED_RUNTIME = YES;
				ENABLE_PREVIEWS = YES;
				GENERATE_INFOPLIST_FILE = YES;
				INFOPLIST_KEY_NSHumanReadableCopyright = "";
				LD_RUNPATH_SEARCH_PATHS = (
					"$(inherited)",
					"@executable_path/../Frameworks",
				);
				MACOSX_DEPLOYMENT_TARGET = 11.0;
				MARKETING_VERSION = 1.0;
				PRODUCT_BUNDLE_IDENTIFIER = "com.587.UI-327";
				PRODUCT_NAME = "UI-327";
				SDKROOT = macosx;
				SWIFT_EMIT_LOC_STRINGS = YES;
				SWIFT_VERSION = 5.0;
			};
			name = Release;
		};
		47CEED4C27158C3B00969340 /* Debug */ = {
			isa = XCBuildConfiguration;
			buildSettings = {
				ALWAYS_EMBED_SWIFT_STANDARD_LIBRARIES = YES;
				CODE_SIGN_STYLE = Automatic;
				CURRENT_PROJECT_VERSION = 1;
				DEVELOPMENT_TEAM = 8CL4U468K5;
				GENERATE_INFOPLIST_FILE = YES;
				IPHONEOS_DEPLOYMENT_TARGET = 15.0;
				LD_RUNPATH_SEARCH_PATHS = (
					"$(inherited)",
					"@executable_path/Frameworks",
					"@loader_path/Frameworks",
				);
				MARKETING_VERSION = 1.0;
				PRODUCT_BUNDLE_IDENTIFIER = "com.587.Tests-iOS";
				PRODUCT_NAME = "$(TARGET_NAME)";
				SDKROOT = iphoneos;
				SWIFT_EMIT_LOC_STRINGS = NO;
				SWIFT_VERSION = 5.0;
				TARGETED_DEVICE_FAMILY = "1,2";
				TEST_TARGET_NAME = "UI-327 (iOS)";
			};
			name = Debug;
		};
		47CEED4D27158C3B00969340 /* Release */ = {
			isa = XCBuildConfiguration;
			buildSettings = {
				ALWAYS_EMBED_SWIFT_STANDARD_LIBRARIES = YES;
				CODE_SIGN_STYLE = Automatic;
				CURRENT_PROJECT_VERSION = 1;
				DEVELOPMENT_TEAM = 8CL4U468K5;
				GENERATE_INFOPLIST_FILE = YES;
				IPHONEOS_DEPLOYMENT_TARGET = 15.0;
				LD_RUNPATH_SEARCH_PATHS = (
					"$(inherited)",
					"@executable_path/Frameworks",
					"@loader_path/Frameworks",
				);
				MARKETING_VERSION = 1.0;
				PRODUCT_BUNDLE_IDENTIFIER = "com.587.Tests-iOS";
				PRODUCT_NAME = "$(TARGET_NAME)";
				SDKROOT = iphoneos;
				SWIFT_EMIT_LOC_STRINGS = NO;
				SWIFT_VERSION = 5.0;
				TARGETED_DEVICE_FAMILY = "1,2";
				TEST_TARGET_NAME = "UI-327 (iOS)";
				VALIDATE_PRODUCT = YES;
			};
			name = Release;
		};
		47CEED4F27158C3B00969340 /* Debug */ = {
			isa = XCBuildConfiguration;
			buildSettings = {
				ALWAYS_EMBED_SWIFT_STANDARD_LIBRARIES = YES;
				CODE_SIGN_STYLE = Automatic;
				COMBINE_HIDPI_IMAGES = YES;
				CURRENT_PROJECT_VERSION = 1;
				DEVELOPMENT_TEAM = 8CL4U468K5;
				GENERATE_INFOPLIST_FILE = YES;
				LD_RUNPATH_SEARCH_PATHS = (
					"$(inherited)",
					"@executable_path/../Frameworks",
					"@loader_path/../Frameworks",
				);
				MACOSX_DEPLOYMENT_TARGET = 11.3;
				MARKETING_VERSION = 1.0;
				PRODUCT_BUNDLE_IDENTIFIER = "com.587.Tests-macOS";
				PRODUCT_NAME = "$(TARGET_NAME)";
				SDKROOT = macosx;
				SWIFT_EMIT_LOC_STRINGS = NO;
				SWIFT_VERSION = 5.0;
				TEST_TARGET_NAME = "UI-327 (macOS)";
			};
			name = Debug;
		};
		47CEED5027158C3B00969340 /* Release */ = {
			isa = XCBuildConfiguration;
			buildSettings = {
				ALWAYS_EMBED_SWIFT_STANDARD_LIBRARIES = YES;
				CODE_SIGN_STYLE = Automatic;
				COMBINE_HIDPI_IMAGES = YES;
				CURRENT_PROJECT_VERSION = 1;
				DEVELOPMENT_TEAM = 8CL4U468K5;
				GENERATE_INFOPLIST_FILE = YES;
				LD_RUNPATH_SEARCH_PATHS = (
					"$(inherited)",
					"@executable_path/../Frameworks",
					"@loader_path/../Frameworks",
				);
				MACOSX_DEPLOYMENT_TARGET = 11.3;
				MARKETING_VERSION = 1.0;
				PRODUCT_BUNDLE_IDENTIFIER = "com.587.Tests-macOS";
				PRODUCT_NAME = "$(TARGET_NAME)";
				SDKROOT = macosx;
				SWIFT_EMIT_LOC_STRINGS = NO;
				SWIFT_VERSION = 5.0;
				TEST_TARGET_NAME = "UI-327 (macOS)";
			};
			name = Release;
		};
/* End XCBuildConfiguration section */

/* Begin XCConfigurationList section */
		47CEED1327158C3900969340 /* Build configuration list for PBXProject "UI-327" */ = {
			isa = XCConfigurationList;
			buildConfigurations = (
				47CEED4327158C3B00969340 /* Debug */,
				47CEED4427158C3B00969340 /* Release */,
			);
			defaultConfigurationIsVisible = 0;
			defaultConfigurationName = Release;
		};
		47CEED4527158C3B00969340 /* Build configuration list for PBXNativeTarget "UI-327 (iOS)" */ = {
			isa = XCConfigurationList;
			buildConfigurations = (
				47CEED4627158C3B00969340 /* Debug */,
				47CEED4727158C3B00969340 /* Release */,
			);
			defaultConfigurationIsVisible = 0;
			defaultConfigurationName = Release;
		};
		47CEED4827158C3B00969340 /* Build configuration list for PBXNativeTarget "UI-327 (macOS)" */ = {
			isa = XCConfigurationList;
			buildConfigurations = (
				47CEED4927158C3B00969340 /* Debug */,
				47CEED4A27158C3B00969340 /* Release */,
			);
			defaultConfigurationIsVisible = 0;
			defaultConfigurationName = Release;
		};
		47CEED4B27158C3B00969340 /* Build configuration list for PBXNativeTarget "Tests iOS" */ = {
			isa = XCConfigurationList;
			buildConfigurations = (
				47CEED4C27158C3B00969340 /* Debug */,
				47CEED4D27158C3B00969340 /* Release */,
			);
			defaultConfigurationIsVisible = 0;
			defaultConfigurationName = Release;
		};
		47CEED4E27158C3B00969340 /* Build configuration list for PBXNativeTarget "Tests macOS" */ = {
			isa = XCConfigurationList;
			buildConfigurations = (
				47CEED4F27158C3B00969340 /* Debug */,
				47CEED5027158C3B00969340 /* Release */,
			);
			defaultConfigurationIsVisible = 0;
			defaultConfigurationName = Release;
		};
/* End XCConfigurationList section */
	};
	rootObject = 47CEED1027158C3900969340 /* Project object */;
}
